
Microsoft Visual Studio Solution File, Format Version 12.00
# Visual Studio Version 17
VisualStudioVersion = 17.6.33815.320
MinimumVisualStudioVersion = 10.0.40219.1
Project("{9A19103F-16F7-4668-BE54-9A1E7A4F7556}") = "MediMax.Application", "MediMax.Application\MediMax.Application.csproj", "{C1CD55F5-4A4D-4AEC-905A-CDB65EA6C043}"
EndProject
Project("{9A19103F-16F7-4668-BE54-9A1E7A4F7556}") = "MediMax.Business", "MediMax.Business\MediMax.Business.csproj", "{427AC7B6-2CEA-4CC5-82F0-489F2583E1E2}"
EndProject
Project("{9A19103F-16F7-4668-BE54-9A1E7A4F7556}") = "MediMax.Data", "MediMax.Data\MediMax.Data.csproj", "{66E429B8-12E5-4B99-B729-CC8A43ED5FAF}"
EndProject
Project("{2150E333-8FDC-42A3-9474-1A3956D46DE8}") = "Solution Items", "Solution Items", "{AB09B1A7-26B3-468D-8551-A6D332B37DD0}"
	ProjectSection(SolutionItems) = preProject
		.editorconfig = .editorconfig
	EndProjectSection
EndProject
Global
	GlobalSection(SolutionConfigurationPlatforms) = preSolution
		Debug|Any CPU = Debug|Any CPU
		Release|Any CPU = Release|Any CPU
	EndGlobalSection
	GlobalSection(ProjectConfigurationPlatforms) = postSolution
		{C1CD55F5-4A4D-4AEC-905A-CDB65EA6C043}.Debug|Any CPU.ActiveCfg = Debug|Any CPU
		{C1CD55F5-4A4D-4AEC-905A-CDB65EA6C043}.Debug|Any CPU.Build.0 = Debug|Any CPU
		{C1CD55F5-4A4D-4AEC-905A-CDB65EA6C043}.Release|Any CPU.ActiveCfg = Release|Any CPU
		{C1CD55F5-4A4D-4AEC-905A-CDB65EA6C043}.Release|Any CPU.Build.0 = Release|Any CPU
		{427AC7B6-2CEA-4CC5-82F0-489F2583E1E2}.Debug|Any CPU.ActiveCfg = Debug|Any CPU
		{427AC7B6-2CEA-4CC5-82F0-489F2583E1E2}.Debug|Any CPU.Build.0 = Debug|Any CPU
		{427AC7B6-2CEA-4CC5-82F0-489F2583E1E2}.Release|Any CPU.ActiveCfg = Release|Any CPU
		{427AC7B6-2CEA-4CC5-82F0-489F2583E1E2}.Release|Any CPU.Build.0 = Release|Any CPU
		{66E429B8-12E5-4B99-B729-CC8A43ED5FAF}.Debug|Any CPU.ActiveCfg = Debug|Any CPU
		{66E429B8-12E5-4B99-B729-CC8A43ED5FAF}.Debug|Any CPU.Build.0 = Debug|Any CPU
		{66E429B8-12E5-4B99-B729-CC8A43ED5FAF}.Release|Any CPU.ActiveCfg = Release|Any CPU
		{66E429B8-12E5-4B99-B729-CC8A43ED5FAF}.Release|Any CPU.Build.0 = Release|Any CPU
	EndGlobalSection
	GlobalSection(SolutionProperties) = preSolution
		HideSolutionNode = FALSE
	EndGlobalSection
	GlobalSection(ExtensibilityGlobals) = postSolution
		SolutionGuid = {F658D04E-541D-4748-84E7-6A0A3412292F}
	EndGlobalSection
EndGlobal
